{
  "name": "deep-osu",
  "version": "1.0.0",
  "lockfileVersion": 3,
  "requires": true,
  "packages": {
    "": {
      "name": "deep-osu",
      "version": "1.0.0",
      "dependencies": {
        "osu-parsers": "^1.0.0"
      }
    },
    "node_modules/osu-parsers": {
      "version": "1.0.1",
      "resolved": "https://registry.npmjs.org/osu-parsers/-/osu-parsers-1.0.1.tgz",
      "integrity": "sha512-bF3jeafAfPFBzChFOc2TFioocUHpU9z60OiIqtE+WKF9YbGJc9Y+C/JhcPEj+l+gpt1C/DRHFVrhEcaPTU1uNQ==",
      "dependencies": {
        "osu-resources": "^0.3.0"
      }
    },
    "node_modules/osu-resources": {
      "version": "0.3.0",
      "resolved": "https://registry.npmjs.org/osu-resources/-/osu-resources-0.3.0.tgz",
      "integrity": "sha512-XtK3iGXTYO05mZePFF0lXm5U0IdGyU2wXSPBicsgbnPilpW3733q17/9pM5cteCcRGTWyTiMBlmqQZxjRsju8g=="
    }
  }
}
